
Microsoft Visual Studio Solution File, Format Version 12.00
# Visual Studio Version 17
VisualStudioVersion = 17.11.35327.3
MinimumVisualStudioVersion = 10.0.40219.1
Project("{FAE04EC0-301F-11D3-BF4B-00C04F79EFBC}") = "IESCP", "IESCP.csproj", "{0449EDB3-76BA-431D-9718-5C6723633AA8}"
EndProject
Global
	GlobalSection(SolutionConfigurationPlatforms) = preSolution
		Debug|Any CPU = Debug|Any CPU
		Release|Any CPU = Release|Any CPU
	EndGlobalSection
	GlobalSection(ProjectConfigurationPlatforms) = postSolution
		{0449EDB3-76BA-431D-9718-5C6723633AA8}.Debug|Any CPU.ActiveCfg = Debug|Any CPU
		{0449EDB3-76BA-431D-9718-5C6723633AA8}.Debug|Any CPU.Build.0 = Debug|Any CPU
		{0449EDB3-76BA-431D-9718-5C6723633AA8}.Release|Any CPU.ActiveCfg = Release|Any CPU
		{0449EDB3-76BA-431D-9718-5C6723633AA8}.Release|Any CPU.Build.0 = Release|Any CPU
	EndGlobalSection
	GlobalSection(SolutionProperties) = preSolution
		HideSolutionNode = FALSE
	EndGlobalSection
	GlobalSection(ExtensibilityGlobals) = postSolution
		SolutionGuid = {2D3902DC-E05F-4CE4-ADC7-5C505EDE2A17}
	EndGlobalSection
EndGlobal
